// !$*UTF8*$!
{
	archiveVersion = 1;
	classes = {
	};
	objectVersion = 77;
	objects = {

/* Begin PBXBuildFile section */
		CAD291D22DFB31C800B3336C /* LockedShield.appex in Embed Foundation Extensions */ = {isa = PBXBuildFile; fileRef = CAD291C62DFB31C800B3336C /* LockedShield.appex */; settings = {ATTRIBUTES = (RemoveHeadersOnCopy, ); }; };
		CAD291D82DFB38DA00B3336C /* ManagedSettings.framework in Frameworks */ = {isa = PBXBuildFile; fileRef = CAD291C72DFB31C800B3336C /* ManagedSettings.framework */; };
		CAD291DB2DFB38DC00B3336C /* ManagedSettingsUI.framework in Frameworks */ = {isa = PBXBuildFile; fileRef = CAD291C92DFB31C800B3336C /* ManagedSettingsUI.framework */; };
		CAFDA84F2DF8A7BC006E94A7 /* CoreNFC.framework in Frameworks */ = {isa = PBXBuildFile; fileRef = CAFDA84E2DF8A7BC006E94A7 /* CoreNFC.framework */; };
		CAFDA88A2DFA04DE006E94A7 /* SFSymbolsPicker in Frameworks */ = {isa = PBXBuildFile; productRef = CAFDA8892DFA04DE006E94A7 /* SFSymbolsPicker */; };
		FEED000000000000000000A2 /* LockedMonitor.appex in Embed Foundation Extensions */ = {isa = PBXBuildFile; fileRef = FEED000000000000000000A1 /* LockedMonitor.appex */; settings = {ATTRIBUTES = (RemoveHeadersOnCopy, ); }; };
/* End PBXBuildFile section */

/* Begin PBXContainerItemProxy section */
		CAD291D02DFB31C800B3336C /* PBXContainerItemProxy */ = {
			isa = PBXContainerItemProxy;
			containerPortal = CAFDA81A2DF8A70F006E94A7 /* Project object */;
			proxyType = 1;
			remoteGlobalIDString = CAD291C52DFB31C800B3336C;
			remoteInfo = LockedShield;
		};
		FEED000000000000000000A3 /* PBXContainerItemProxy */ = {
			isa = PBXContainerItemProxy;
			containerPortal = CAFDA81A2DF8A70F006E94A7 /* Project object */;
			proxyType = 1;
			remoteGlobalIDString = FEED000000000000000000B2;
			remoteInfo = LockedMonitor;
		};
/* End PBXContainerItemProxy section */

/* Begin PBXCopyFilesBuildPhase section */
		CAD291D32DFB31C800B3336C /* Embed Foundation Extensions */ = {
			isa = PBXCopyFilesBuildPhase;
			buildActionMask = 2147483647;
			dstPath = "";
			dstSubfolderSpec = 13;
			files = (
				CAD291D22DFB31C800B3336C /* LockedShield.appex in Embed Foundation Extensions */,
				FEED000000000000000000A2 /* LockedMonitor.appex in Embed Foundation Extensions */,
			);
			name = "Embed Foundation Extensions";
			runOnlyForDeploymentPostprocessing = 0;
		};
/* End PBXCopyFilesBuildPhase section */

/* Begin PBXFileReference section */
		CAD291C62DFB31C800B3336C /* LockedShield.appex */ = {isa = PBXFileReference; explicitFileType = "wrapper.app-extension"; includeInIndex = 0; path = LockedShield.appex; sourceTree = BUILT_PRODUCTS_DIR; };
		CAD291C72DFB31C800B3336C /* ManagedSettings.framework */ = {isa = PBXFileReference; lastKnownFileType = wrapper.framework; name = ManagedSettings.framework; path = System/Library/Frameworks/ManagedSettings.framework; sourceTree = SDKROOT; };
		CAD291C92DFB31C800B3336C /* ManagedSettingsUI.framework */ = {isa = PBXFileReference; lastKnownFileType = wrapper.framework; name = ManagedSettingsUI.framework; path = System/Library/Frameworks/ManagedSettingsUI.framework; sourceTree = SDKROOT; };
		CAD291E42DFB516C00B3336C /* DeviceActivity.framework */ = {isa = PBXFileReference; lastKnownFileType = wrapper.framework; name = DeviceActivity.framework; path = System/Library/Frameworks/DeviceActivity.framework; sourceTree = SDKROOT; };
		CAFDA8222DF8A70F006E94A7 /* Locked.app */ = {isa = PBXFileReference; explicitFileType = wrapper.application; includeInIndex = 0; path = Locked.app; sourceTree = BUILT_PRODUCTS_DIR; };
		CAFDA84E2DF8A7BC006E94A7 /* CoreNFC.framework */ = {isa = PBXFileReference; lastKnownFileType = wrapper.framework; name = CoreNFC.framework; path = System/Library/Frameworks/CoreNFC.framework; sourceTree = SDKROOT; };
		FEED000000000000000000A1 /* LockedMonitor.appex */ = {isa = PBXFileReference; explicitFileType = "wrapper.app-extension"; includeInIndex = 0; path = LockedMonitor.appex; sourceTree = BUILT_PRODUCTS_DIR; };
/* End PBXFileReference section */

/* Begin PBXFileSystemSynchronizedBuildFileExceptionSet section */
		CAD291D72DFB31C800B3336C /* Exceptions for "LockedShield" folder in "LockedShield" target */ = {
			isa = PBXFileSystemSynchronizedBuildFileExceptionSet;
			membershipExceptions = (
				Info.plist,
			);
			target = CAD291C52DFB31C800B3336C /* LockedShield */;
		};
		CAFDA8512DF8A868006E94A7 /* Exceptions for "Locked" folder in "Locked" target */ = {
			isa = PBXFileSystemSynchronizedBuildFileExceptionSet;
			membershipExceptions = (
				Info.plist,
			);
			target = CAFDA8212DF8A70F006E94A7 /* Locked */;
		};
		FEED000000000000000000A7 /* Exceptions for "LockedMonitor" folder in "LockedMonitor" target */ = {
			isa = PBXFileSystemSynchronizedBuildFileExceptionSet;
			membershipExceptions = (
				Info.plist,
			);
			target = FEED000000000000000000B2 /* LockedMonitor */;
		};
/* End PBXFileSystemSynchronizedBuildFileExceptionSet section */

/* Begin PBXFileSystemSynchronizedRootGroup section */
		CAD291CB2DFB31C800B3336C /* LockedShield */ = {
			isa = PBXFileSystemSynchronizedRootGroup;
			exceptions = (
				CAD291D72DFB31C800B3336C /* Exceptions for "LockedShield" folder in "LockedShield" target */,
			);
			path = LockedShield;
			sourceTree = "<group>";
		};
		CAFDA8242DF8A70F006E94A7 /* Locked */ = {
			isa = PBXFileSystemSynchronizedRootGroup;
			exceptions = (
				CAFDA8512DF8A868006E94A7 /* Exceptions for "Locked" folder in "Locked" target */,
			);
			path = Locked;
			sourceTree = "<group>";
		};
		FEED000000000000000000A5 /* LockedMonitor */ = {
			isa = PBXFileSystemSynchronizedRootGroup;
			exceptions = (
				FEED000000000000000000A7 /* Exceptions for "LockedMonitor" folder in "LockedMonitor" target */,
			);
			path = LockedMonitor;
			sourceTree = "<group>";
		};
		FEED000000000000000000A6 /* Shared */ = {
			isa = PBXFileSystemSynchronizedRootGroup;
			path = Shared;
			sourceTree = "<group>";
		};
/* End PBXFileSystemSynchronizedRootGroup section */

/* Begin PBXFrameworksBuildPhase section */
		CAD291C32DFB31C800B3336C /* Frameworks */ = {
			isa = PBXFrameworksBuildPhase;
			buildActionMask = 2147483647;
			files = (
				CAD291D82DFB38DA00B3336C /* ManagedSettings.framework in Frameworks */,
				CAD291DB2DFB38DC00B3336C /* ManagedSettingsUI.framework in Frameworks */,
			);
			runOnlyForDeploymentPostprocessing = 0;
		};
		CAFDA81F2DF8A70F006E94A7 /* Frameworks */ = {
			isa = PBXFrameworksBuildPhase;
			buildActionMask = 2147483647;
			files = (
				CAFDA84F2DF8A7BC006E94A7 /* CoreNFC.framework in Frameworks */,
				CAFDA88A2DFA04DE006E94A7 /* SFSymbolsPicker in Frameworks */,
			);
			runOnlyForDeploymentPostprocessing = 0;
		};
		FEED000000000000000000A9 /* Frameworks */ = {
			isa = PBXFrameworksBuildPhase;
			buildActionMask = 2147483647;
			files = (
			);
			runOnlyForDeploymentPostprocessing = 0;
		};
/* End PBXFrameworksBuildPhase section */

/* Begin PBXGroup section */
		CAFDA8192DF8A70F006E94A7 = {
			isa = PBXGroup;
			children = (
				CAFDA8242DF8A70F006E94A7 /* Locked */,
				CAD291CB2DFB31C800B3336C /* LockedShield */,
				FEED000000000000000000A5 /* LockedMonitor */,
				FEED000000000000000000A6 /* Shared */,
				CAFDA84D2DF8A7BC006E94A7 /* Frameworks */,
				CAFDA8232DF8A70F006E94A7 /* Products */,
			);
			sourceTree = "<group>";
		};
		CAFDA8232DF8A70F006E94A7 /* Products */ = {
			isa = PBXGroup;
			children = (
				CAFDA8222DF8A70F006E94A7 /* Locked.app */,
				CAD291C62DFB31C800B3336C /* LockedShield.appex */,
				FEED000000000000000000A1 /* LockedMonitor.appex */,
			);
			name = Products;
			sourceTree = "<group>";
		};
		CAFDA84D2DF8A7BC006E94A7 /* Frameworks */ = {
			isa = PBXGroup;
			children = (
				CAFDA84E2DF8A7BC006E94A7 /* CoreNFC.framework */,
				CAD291C72DFB31C800B3336C /* ManagedSettings.framework */,
				CAD291C92DFB31C800B3336C /* ManagedSettingsUI.framework */,
				CAD291E42DFB516C00B3336C /* DeviceActivity.framework */,
			);
			name = Frameworks;
			sourceTree = "<group>";
		};
/* End PBXGroup section */

/* Begin PBXNativeTarget section */
		CAD291C52DFB31C800B3336C /* LockedShield */ = {
			isa = PBXNativeTarget;
			buildConfigurationList = CAD291D62DFB31C800B3336C /* Build configuration list for PBXNativeTarget "LockedShield" */;
			buildPhases = (
				CAD291C22DFB31C800B3336C /* Sources */,
				CAD291C32DFB31C800B3336C /* Frameworks */,
				CAD291C42DFB31C800B3336C /* Resources */,
			);
			buildRules = (
			);
			dependencies = (
			);
			fileSystemSynchronizedGroups = (
				CAD291CB2DFB31C800B3336C /* LockedShield */,
			);
			name = LockedShield;
			packageProductDependencies = (
			);
			productName = LockedShield;
			productReference = CAD291C62DFB31C800B3336C /* LockedShield.appex */;
			productType = "com.apple.product-type.app-extension";
		};
		CAFDA8212DF8A70F006E94A7 /* Locked */ = {
			isa = PBXNativeTarget;
			buildConfigurationList = CAFDA8432DF8A710006E94A7 /* Build configuration list for PBXNativeTarget "Locked" */;
			buildPhases = (
				CAFDA81E2DF8A70F006E94A7 /* Sources */,
				CAFDA81F2DF8A70F006E94A7 /* Frameworks */,
				CAFDA8202DF8A70F006E94A7 /* Resources */,
				CAD291D32DFB31C800B3336C /* Embed Foundation Extensions */,
			);
			buildRules = (
			);
			dependencies = (
				CAD291D12DFB31C800B3336C /* PBXTargetDependency */,
				FEED000000000000000000A4 /* PBXTargetDependency */,
			);
			fileSystemSynchronizedGroups = (
				CAFDA8242DF8A70F006E94A7 /* Locked */,
				FEED000000000000000000A6 /* Shared */,
			);
			name = Locked;
			packageProductDependencies = (
				CAFDA8892DFA04DE006E94A7 /* SFSymbolsPicker */,
			);
			productName = Locked;
			productReference = CAFDA8222DF8A70F006E94A7 /* Locked.app */;
			productType = "com.apple.product-type.application";
		};
		FEED000000000000000000B2 /* LockedMonitor */ = {
			isa = PBXNativeTarget;
			buildConfigurationList = FEED000000000000000000B5 /* Build configuration list for PBXNativeTarget "LockedMonitor" */;
			buildPhases = (
				FEED000000000000000000A8 /* Sources */,
				FEED000000000000000000A9 /* Frameworks */,
				FEED000000000000000000B1 /* Resources */,
			);
			buildRules = (
			);
			dependencies = (
			);
			fileSystemSynchronizedGroups = (
				FEED000000000000000000A5 /* LockedMonitor */,
				FEED000000000000000000A6 /* Shared */,
			);
			name = LockedMonitor;
			packageProductDependencies = (
			);
			productName = LockedMonitor;
			productReference = FEED000000000000000000A1 /* LockedMonitor.appex */;
			productType = "com.apple.product-type.app-extension";
		};
/* End PBXNativeTarget section */

/* Begin PBXProject section */
		CAFDA81A2DF8A70F006E94A7 /* Project object */ = {
			isa = PBXProject;
			attributes = {
				BuildIndependentTargetsInParallel = 1;
				LastSwiftUpdateCheck = 2620;
				LastUpgradeCheck = 2620;
				TargetAttributes = {
					CAD291C52DFB31C800B3336C = {
						CreatedOnToolsVersion = 16.4;
					};
					CAFDA8212DF8A70F006E94A7 = {
						CreatedOnToolsVersion = 16.4;
					};
					FEED000000000000000000B2 = {
						CreatedOnToolsVersion = 16.4;
					};
				};
			};
			buildConfigurationList = CAFDA81D2DF8A70F006E94A7 /* Build configuration list for PBXProject "Locked" */;
			developmentRegion = en;
			hasScannedForEncodings = 0;
			knownRegions = (
				en,
				Base,
			);
			mainGroup = CAFDA8192DF8A70F006E94A7;
			minimizedProjectReferenceProxies = 1;
			packageReferences = (
				CAFDA8882DFA04DE006E94A7 /* XCRemoteSwiftPackageReference "SFSymbolsPickerForSwiftUI" */,
			);
			preferredProjectObjectVersion = 77;
			productRefGroup = CAFDA8232DF8A70F006E94A7 /* Products */;
			projectDirPath = "";
			projectRoot = "";
			targets = (
				CAFDA8212DF8A70F006E94A7 /* Locked */,
				CAD291C52DFB31C800B3336C /* LockedShield */,
				FEED000000000000000000B2 /* LockedMonitor */,
			);
		};
/* End PBXProject section */

/* Begin PBXResourcesBuildPhase section */
		CAD291C42DFB31C800B3336C /* Resources */ = {
			isa = PBXResourcesBuildPhase;
			buildActionMask = 2147483647;
			files = (
			);
			runOnlyForDeploymentPostprocessing = 0;
		};
		CAFDA8202DF8A70F006E94A7 /* Resources */ = {
			isa = PBXResourcesBuildPhase;
			buildActionMask = 2147483647;
			files = (
			);
			runOnlyForDeploymentPostprocessing = 0;
		};
		FEED000000000000000000B1 /* Resources */ = {
			isa = PBXResourcesBuildPhase;
			buildActionMask = 2147483647;
			files = (
			);
			runOnlyForDeploymentPostprocessing = 0;
		};
/* End PBXResourcesBuildPhase section */

/* Begin PBXSourcesBuildPhase section */
		CAD291C22DFB31C800B3336C /* Sources */ = {
			isa = PBXSourcesBuildPhase;
			buildActionMask = 2147483647;
			files = (
			);
			runOnlyForDeploymentPostprocessing = 0;
		};
		CAFDA81E2DF8A70F006E94A7 /* Sources */ = {
			isa = PBXSourcesBuildPhase;
			buildActionMask = 2147483647;
			files = (
			);
			runOnlyForDeploymentPostprocessing = 0;
		};
		FEED000000000000000000A8 /* Sources */ = {
			isa = PBXSourcesBuildPhase;
			buildActionMask = 2147483647;
			files = (
			);
			runOnlyForDeploymentPostprocessing = 0;
		};
/* End PBXSourcesBuildPhase section */

/* Begin PBXTargetDependency section */
		CAD291D12DFB31C800B3336C /* PBXTargetDependency */ = {
			isa = PBXTargetDependency;
			target = CAD291C52DFB31C800B3336C /* LockedShield */;
			targetProxy = CAD291D02DFB31C800B3336C /* PBXContainerItemProxy */;
		};
		FEED000000000000000000A4 /* PBXTargetDependency */ = {
			isa = PBXTargetDependency;
			target = FEED000000000000000000B2 /* LockedMonitor */;
			targetProxy = FEED000000000000000000A3 /* PBXContainerItemProxy */;
		};
/* End PBXTargetDependency section */

/* Begin XCBuildConfiguration section */
		CAD291D42DFB31C800B3336C /* Debug */ = {
			isa = XCBuildConfiguration;
			buildSettings = {
				CODE_SIGN_ENTITLEMENTS = LockedShield/LockedShield.entitlements;
				CODE_SIGN_STYLE = Automatic;
				CURRENT_PROJECT_VERSION = 1;
				DEVELOPMENT_TEAM = NRSS2456MH;
				GENERATE_INFOPLIST_FILE = YES;
				INFOPLIST_FILE = LockedShield/Info.plist;
				INFOPLIST_KEY_CFBundleDisplayName = LockedShield;
				INFOPLIST_KEY_NSHumanReadableCopyright = "";
				IPHONEOS_DEPLOYMENT_TARGET = 17.6;
				LD_RUNPATH_SEARCH_PATHS = (
					"$(inherited)",
					"@executable_path/Frameworks",
					"@executable_path/../../Frameworks",
				);
				MARKETING_VERSION = 3.2;
				PRODUCT_BUNDLE_IDENTIFIER = com.timothee.locked.LockedShield;
				PRODUCT_NAME = "$(TARGET_NAME)";
				SKIP_INSTALL = YES;
				SUPPORTED_PLATFORMS = "iphoneos iphonesimulator";
				SUPPORTS_MACCATALYST = NO;
				SUPPORTS_MAC_DESIGNED_FOR_IPHONE_IPAD = NO;
				SUPPORTS_XR_DESIGNED_FOR_IPHONE_IPAD = NO;
				SWIFT_EMIT_LOC_STRINGS = YES;
				SWIFT_VERSION = 5.0;
				TARGETED_DEVICE_FAMILY = "1,2";
			};
			name = Debug;
		};
		CAD291D52DFB31C800B3336C /* Release */ = {
			isa = XCBuildConfiguration;
			buildSettings = {
				CODE_SIGN_ENTITLEMENTS = LockedShield/LockedShield.entitlements;
				CODE_SIGN_STYLE = Automatic;
				CURRENT_PROJECT_VERSION = 1;
				DEVELOPMENT_TEAM = NRSS2456MH;
				GENERATE_INFOPLIST_FILE = YES;
				INFOPLIST_FILE = LockedShield/Info.plist;
				INFOPLIST_KEY_CFBundleDisplayName = LockedShield;
				INFOPLIST_KEY_NSHumanReadableCopyright = "";
				IPHONEOS_DEPLOYMENT_TARGET = 17.6;
				LD_RUNPATH_SEARCH_PATHS = (
					"$(inherited)",
					"@executable_path/Frameworks",
					"@executable_path/../../Frameworks",
				);
				MARKETING_VERSION = 3.2;
				PRODUCT_BUNDLE_IDENTIFIER = com.timothee.locked.LockedShield;
				PRODUCT_NAME = "$(TARGET_NAME)";
				SKIP_INSTALL = YES;
				SUPPORTED_PLATFORMS = "iphoneos iphonesimulator";
				SUPPORTS_MACCATALYST = NO;
				SUPPORTS_MAC_DESIGNED_FOR_IPHONE_IPAD = NO;
				SUPPORTS_XR_DESIGNED_FOR_IPHONE_IPAD = NO;
				SWIFT_EMIT_LOC_STRINGS = YES;
				SWIFT_VERSION = 5.0;
				TARGETED_DEVICE_FAMILY = "1,2";
			};
			name = Release;
		};
		CAFDA8412DF8A710006E94A7 /* Debug */ = {
			isa = XCBuildConfiguration;
			buildSettings = {
				ALWAYS_SEARCH_USER_PATHS = NO;
				ASSETCATALOG_COMPILER_GENERATE_SWIFT_ASSET_SYMBOL_EXTENSIONS = YES;
				CLANG_ANALYZER_NONNULL = YES;
				CLANG_ANALYZER_NUMBER_OBJECT_CONVERSION = YES_AGGRESSIVE;
				CLANG_CXX_LANGUAGE_STANDARD = "gnu++20";
				CLANG_ENABLE_MODULES = YES;
				CLANG_ENABLE_OBJC_ARC = YES;
				CLANG_ENABLE_OBJC_WEAK = YES;
				CLANG_WARN_BLOCK_CAPTURE_AUTORELEASING = YES;
				CLANG_WARN_BOOL_CONVERSION = YES;
				CLANG_WARN_COMMA = YES;
				CLANG_WARN_CONSTANT_CONVERSION = YES;
				CLANG_WARN_DEPRECATED_OBJC_IMPLEMENTATIONS = YES;
				CLANG_WARN_DIRECT_OBJC_ISA_USAGE = YES_ERROR;
				CLANG_WARN_DOCUMENTATION_COMMENTS = YES;
				CLANG_WARN_EMPTY_BODY = YES;
				CLANG_WARN_ENUM_CONVERSION = YES;
				CLANG_WARN_INFINITE_RECURSION = YES;
				CLANG_WARN_INT_CONVERSION = YES;
				CLANG_WARN_NON_LITERAL_NULL_CONVERSION = YES;
				CLANG_WARN_OBJC_IMPLICIT_RETAIN_SELF = YES;
				CLANG_WARN_OBJC_LITERAL_CONVERSION = YES;
				CLANG_WARN_OBJC_ROOT_CLASS = YES_ERROR;
				CLANG_WARN_QUOTED_INCLUDE_IN_FRAMEWORK_HEADER = YES;
				CLANG_WARN_RANGE_LOOP_ANALYSIS = YES;
				CLANG_WARN_STRICT_PROTOTYPES = YES;
				CLANG_WARN_SUSPICIOUS_MOVE = YES;
				CLANG_WARN_UNGUARDED_AVAILABILITY = YES_AGGRESSIVE;
				CLANG_WARN_UNREACHABLE_CODE = YES;
				CLANG_WARN__DUPLICATE_METHOD_MATCH = YES;
				COPY_PHASE_STRIP = NO;
				DEBUG_INFORMATION_FORMAT = dwarf;
				DEVELOPMENT_TEAM = NRSS2456MH;
				ENABLE_STRICT_OBJC_MSGSEND = YES;
				ENABLE_TESTABILITY = YES;
				ENABLE_USER_SCRIPT_SANDBOXING = YES;
				GCC_C_LANGUAGE_STANDARD = gnu17;
				GCC_DYNAMIC_NO_PIC = NO;
				GCC_NO_COMMON_BLOCKS = YES;
				GCC_OPTIMIZATION_LEVEL = 0;
				GCC_PREPROCESSOR_DEFINITIONS = (
					"DEBUG=1",
					"$(inherited)",
				);
				GCC_WARN_64_TO_32_BIT_CONVERSION = YES;
				GCC_WARN_ABOUT_RETURN_TYPE = YES_ERROR;
				GCC_WARN_UNDECLARED_SELECTOR = YES;
				GCC_WARN_UNINITIALIZED_AUTOS = YES_AGGRESSIVE;
				GCC_WARN_UNUSED_FUNCTION = YES;
				GCC_WARN_UNUSED_VARIABLE = YES;
				IPHONEOS_DEPLOYMENT_TARGET = 18.5;
				LOCALIZATION_PREFERS_STRING_CATALOGS = YES;
				MTL_ENABLE_DEBUG_INFO = INCLUDE_SOURCE;
				MTL_FAST_MATH = YES;
				ONLY_ACTIVE_ARCH = YES;
				SDKROOT = iphoneos;
				STRING_CATALOG_GENERATE_SYMBOLS = YES;
				SWIFT_ACTIVE_COMPILATION_CONDITIONS = "DEBUG $(inherited)";
				SWIFT_OPTIMIZATION_LEVEL = "-Onone";
			};
			name = Debug;
		};
		CAFDA8422DF8A710006E94A7 /* Release */ = {
			isa = XCBuildConfiguration;
			buildSettings = {
				ALWAYS_SEARCH_USER_PATHS = NO;
				ASSETCATALOG_COMPILER_GENERATE_SWIFT_ASSET_SYMBOL_EXTENSIONS = YES;
				CLANG_ANALYZER_NONNULL = YES;
				CLANG_ANALYZER_NUMBER_OBJECT_CONVERSION = YES_AGGRESSIVE;
				CLANG_CXX_LANGUAGE_STANDARD = "gnu++20";
				CLANG_ENABLE_MODULES = YES;
				CLANG_ENABLE_OBJC_ARC = YES;
				CLANG_ENABLE_OBJC_WEAK = YES;
				CLANG_WARN_BLOCK_CAPTURE_AUTORELEASING = YES;
				CLANG_WARN_BOOL_CONVERSION = YES;
				CLANG_WARN_COMMA = YES;
				CLANG_WARN_CONSTANT_CONVERSION = YES;
				CLANG_WARN_DEPRECATED_OBJC_IMPLEMENTATIONS = YES;
				CLANG_WARN_DIRECT_OBJC_ISA_USAGE = YES_ERROR;
				CLANG_WARN_DOCUMENTATION_COMMENTS = YES;
				CLANG_WARN_EMPTY_BODY = YES;
				CLANG_WARN_ENUM_CONVERSION = YES;
				CLANG_WARN_INFINITE_RECURSION = YES;
				CLANG_WARN_INT_CONVERSION = YES;
				CLANG_WARN_NON_LITERAL_NULL_CONVERSION = YES;
				CLANG_WARN_OBJC_IMPLICIT_RETAIN_SELF = YES;
				CLANG_WARN_OBJC_LITERAL_CONVERSION = YES;
				CLANG_WARN_OBJC_ROOT_CLASS = YES_ERROR;
				CLANG_WARN_QUOTED_INCLUDE_IN_FRAMEWORK_HEADER = YES;
				CLANG_WARN_RANGE_LOOP_ANALYSIS = YES;
				CLANG_WARN_STRICT_PROTOTYPES = YES;
				CLANG_WARN_SUSPICIOUS_MOVE = YES;
				CLANG_WARN_UNGUARDED_AVAILABILITY = YES_AGGRESSIVE;
				CLANG_WARN_UNREACHABLE_CODE = YES;
				CLANG_WARN__DUPLICATE_METHOD_MATCH = YES;
				COPY_PHASE_STRIP = NO;
				DEBUG_INFORMATION_FORMAT = "dwarf-with-dsym";
				DEVELOPMENT_TEAM = NRSS2456MH;
				ENABLE_NS_ASSERTIONS = NO;
				ENABLE_STRICT_OBJC_MSGSEND = YES;
				ENABLE_USER_SCRIPT_SANDBOXING = YES;
				GCC_C_LANGUAGE_STANDARD = gnu17;
				GCC_NO_COMMON_BLOCKS = YES;
				GCC_WARN_64_TO_32_BIT_CONVERSION = YES;
				GCC_WARN_ABOUT_RETURN_TYPE = YES_ERROR;
				GCC_WARN_UNDECLARED_SELECTOR = YES;
				GCC_WARN_UNINITIALIZED_AUTOS = YES_AGGRESSIVE;
				GCC_WARN_UNUSED_FUNCTION = YES;
				GCC_WARN_UNUSED_VARIABLE = YES;
				IPHONEOS_DEPLOYMENT_TARGET = 18.5;
				LOCALIZATION_PREFERS_STRING_CATALOGS = YES;
				MTL_ENABLE_DEBUG_INFO = NO;
				MTL_FAST_MATH = YES;
				SDKROOT = iphoneos;
				STRING_CATALOG_GENERATE_SYMBOLS = YES;
				SWIFT_COMPILATION_MODE = wholemodule;
				VALIDATE_PRODUCT = YES;
			};
			name = Release;
		};
		CAFDA8442DF8A710006E94A7 /* Debug */ = {
			isa = XCBuildConfiguration;
			buildSettings = {
				ASSETCATALOG_COMPILER_APPICON_NAME = AppIcon;
				ASSETCATALOG_COMPILER_GLOBAL_ACCENT_COLOR_NAME = AccentColor;
				CODE_SIGN_ENTITLEMENTS = Locked/Locked.entitlements;
				CODE_SIGN_STYLE = Automatic;
				CURRENT_PROJECT_VERSION = 1;
				DEVELOPMENT_TEAM = NRSS2456MH;
				ENABLE_PREVIEWS = YES;
				GENERATE_INFOPLIST_FILE = YES;
				INFOPLIST_FILE = Locked/Info.plist;
				INFOPLIST_KEY_LSApplicationCategoryType = "public.app-category.productivity";
				INFOPLIST_KEY_NFCReaderUsageDescription = "Allow reading NFC tags to start or stop your locking schedule.";
				INFOPLIST_KEY_UIApplicationSceneManifest_Generation = YES;
				INFOPLIST_KEY_UIApplicationSupportsIndirectInputEvents = YES;
				INFOPLIST_KEY_CFBundleDisplayName = "Cr\U00e9neau";
				INFOPLIST_KEY_UILaunchScreen_Generation = YES;
				INFOPLIST_KEY_UISupportedInterfaceOrientations = UIInterfaceOrientationPortrait;
				IPHONEOS_DEPLOYMENT_TARGET = 17.6;
				LD_RUNPATH_SEARCH_PATHS = (
					"$(inherited)",
					"@executable_path/Frameworks",
				);
				MARKETING_VERSION = 3.2;
				PRODUCT_BUNDLE_IDENTIFIER = com.timothee.locked;
				PRODUCT_NAME = "$(TARGET_NAME)";
				SUPPORTED_PLATFORMS = "iphoneos iphonesimulator";
				SUPPORTS_MACCATALYST = NO;
				SUPPORTS_MAC_DESIGNED_FOR_IPHONE_IPAD = NO;
				SUPPORTS_XR_DESIGNED_FOR_IPHONE_IPAD = NO;
				SWIFT_EMIT_LOC_STRINGS = YES;
				SWIFT_VERSION = 5.0;
				TARGETED_DEVICE_FAMILY = "1,2";
			};
			name = Debug;
		};
		CAFDA8452DF8A710006E94A7 /* Release */ = {
			isa = XCBuildConfiguration;
			buildSettings = {
				ASSETCATALOG_COMPILER_APPICON_NAME = AppIcon;
				ASSETCATALOG_COMPILER_GLOBAL_ACCENT_COLOR_NAME = AccentColor;
				CODE_SIGN_ENTITLEMENTS = Locked/Locked.entitlements;
				CODE_SIGN_STYLE = Automatic;
				CURRENT_PROJECT_VERSION = 1;
				DEVELOPMENT_TEAM = NRSS2456MH;
				ENABLE_PREVIEWS = YES;
				GENERATE_INFOPLIST_FILE = YES;
				INFOPLIST_FILE = Locked/Info.plist;
				INFOPLIST_KEY_LSApplicationCategoryType = "public.app-category.productivity";
				INFOPLIST_KEY_NFCReaderUsageDescription = "Allow reading NFC tags to start or stop your locking schedule.";
				INFOPLIST_KEY_UIApplicationSceneManifest_Generation = YES;
				INFOPLIST_KEY_UIApplicationSupportsIndirectInputEvents = YES;
				INFOPLIST_KEY_CFBundleDisplayName = "Cr\U00e9neau";
				INFOPLIST_KEY_UILaunchScreen_Generation = YES;
				INFOPLIST_KEY_UISupportedInterfaceOrientations = UIInterfaceOrientationPortrait;
				IPHONEOS_DEPLOYMENT_TARGET = 17.6;
				LD_RUNPATH_SEARCH_PATHS = (
					"$(inherited)",
					"@executable_path/Frameworks",
				);
				MARKETING_VERSION = 3.2;
				PRODUCT_BUNDLE_IDENTIFIER = com.timothee.locked;
				PRODUCT_NAME = "$(TARGET_NAME)";
				SUPPORTED_PLATFORMS = "iphoneos iphonesimulator";
				SUPPORTS_MACCATALYST = NO;
				SUPPORTS_MAC_DESIGNED_FOR_IPHONE_IPAD = NO;
				SUPPORTS_XR_DESIGNED_FOR_IPHONE_IPAD = NO;
				SWIFT_EMIT_LOC_STRINGS = YES;
				SWIFT_VERSION = 5.0;
				TARGETED_DEVICE_FAMILY = "1,2";
			};
			name = Release;
		};
		FEED000000000000000000B3 /* Debug */ = {
			isa = XCBuildConfiguration;
			buildSettings = {
				CODE_SIGN_ENTITLEMENTS = LockedMonitor/LockedMonitor.entitlements;
				CODE_SIGN_STYLE = Automatic;
				CURRENT_PROJECT_VERSION = 1;
				DEVELOPMENT_TEAM = NRSS2456MH;
				GENERATE_INFOPLIST_FILE = YES;
				INFOPLIST_FILE = LockedMonitor/Info.plist;
				INFOPLIST_KEY_CFBundleDisplayName = LockedMonitor;
				INFOPLIST_KEY_NSHumanReadableCopyright = "";
				IPHONEOS_DEPLOYMENT_TARGET = 17.6;
				LD_RUNPATH_SEARCH_PATHS = (
					"$(inherited)",
					"@executable_path/Frameworks",
					"@executable_path/../../Frameworks",
				);
				MARKETING_VERSION = 3.2;
				PRODUCT_BUNDLE_IDENTIFIER = com.timothee.locked.LockedMonitor;
				PRODUCT_NAME = "$(TARGET_NAME)";
				SKIP_INSTALL = YES;
				SUPPORTED_PLATFORMS = "iphoneos iphonesimulator";
				SUPPORTS_MACCATALYST = NO;
				SUPPORTS_MAC_DESIGNED_FOR_IPHONE_IPAD = NO;
				SUPPORTS_XR_DESIGNED_FOR_IPHONE_IPAD = NO;
				SWIFT_EMIT_LOC_STRINGS = YES;
				SWIFT_VERSION = 5.0;
				TARGETED_DEVICE_FAMILY = "1,2";
			};
			name = Debug;
		};
		FEED000000000000000000B4 /* Release */ = {
			isa = XCBuildConfiguration;
			buildSettings = {
				CODE_SIGN_ENTITLEMENTS = LockedMonitor/LockedMonitor.entitlements;
				CODE_SIGN_STYLE = Automatic;
				CURRENT_PROJECT_VERSION = 1;
				DEVELOPMENT_TEAM = NRSS2456MH;
				GENERATE_INFOPLIST_FILE = YES;
				INFOPLIST_FILE = LockedMonitor/Info.plist;
				INFOPLIST_KEY_CFBundleDisplayName = LockedMonitor;
				INFOPLIST_KEY_NSHumanReadableCopyright = "";
				IPHONEOS_DEPLOYMENT_TARGET = 17.6;
				LD_RUNPATH_SEARCH_PATHS = (
					"$(inherited)",
					"@executable_path/Frameworks",
					"@executable_path/../../Frameworks",
				);
				MARKETING_VERSION = 3.2;
				PRODUCT_BUNDLE_IDENTIFIER = com.timothee.locked.LockedMonitor;
				PRODUCT_NAME = "$(TARGET_NAME)";
				SKIP_INSTALL = YES;
				SUPPORTED_PLATFORMS = "iphoneos iphonesimulator";
				SUPPORTS_MACCATALYST = NO;
				SUPPORTS_MAC_DESIGNED_FOR_IPHONE_IPAD = NO;
				SUPPORTS_XR_DESIGNED_FOR_IPHONE_IPAD = NO;
				SWIFT_EMIT_LOC_STRINGS = YES;
				SWIFT_VERSION = 5.0;
				TARGETED_DEVICE_FAMILY = "1,2";
			};
			name = Release;
		};
/* End XCBuildConfiguration section */

/* Begin XCConfigurationList section */
		CAD291D62DFB31C800B3336C /* Build configuration list for PBXNativeTarget "LockedShield" */ = {
			isa = XCConfigurationList;
			buildConfigurations = (
				CAD291D42DFB31C800B3336C /* Debug */,
				CAD291D52DFB31C800B3336C /* Release */,
			);
			defaultConfigurationIsVisible = 0;
			defaultConfigurationName = Release;
		};
		CAFDA81D2DF8A70F006E94A7 /* Build configuration list for PBXProject "Locked" */ = {
			isa = XCConfigurationList;
			buildConfigurations = (
				CAFDA8412DF8A710006E94A7 /* Debug */,
				CAFDA8422DF8A710006E94A7 /* Release */,
			);
			defaultConfigurationIsVisible = 0;
			defaultConfigurationName = Release;
		};
		CAFDA8432DF8A710006E94A7 /* Build configuration list for PBXNativeTarget "Locked" */ = {
			isa = XCConfigurationList;
			buildConfigurations = (
				CAFDA8442DF8A710006E94A7 /* Debug */,
				CAFDA8452DF8A710006E94A7 /* Release */,
			);
			defaultConfigurationIsVisible = 0;
			defaultConfigurationName = Release;
		};
		FEED000000000000000000B5 /* Build configuration list for PBXNativeTarget "LockedMonitor" */ = {
			isa = XCConfigurationList;
			buildConfigurations = (
				FEED000000000000000000B3 /* Debug */,
				FEED000000000000000000B4 /* Release */,
			);
			defaultConfigurationIsVisible = 0;
			defaultConfigurationName = Release;
		};
/* End XCConfigurationList section */

/* Begin XCRemoteSwiftPackageReference section */
		CAFDA8882DFA04DE006E94A7 /* XCRemoteSwiftPackageReference "SFSymbolsPickerForSwiftUI" */ = {
			isa = XCRemoteSwiftPackageReference;
			repositoryURL = "https://github.com/alessiorubicini/SFSymbolsPickerForSwiftUI";
			requirement = {
				kind = upToNextMajorVersion;
				minimumVersion = 1.0.7;
			};
		};
/* End XCRemoteSwiftPackageReference section */

/* Begin XCSwiftPackageProductDependency section */
		CAFDA8892DFA04DE006E94A7 /* SFSymbolsPicker */ = {
			isa = XCSwiftPackageProductDependency;
			package = CAFDA8882DFA04DE006E94A7 /* XCRemoteSwiftPackageReference "SFSymbolsPickerForSwiftUI" */;
			productName = SFSymbolsPicker;
		};
/* End XCSwiftPackageProductDependency section */
	};
	rootObject = CAFDA81A2DF8A70F006E94A7 /* Project object */;
}
